// !$*UTF8*$!
{
	archiveVersion = 1;
	classes = {
	};
	objectVersion = 50;
	objects = {

/* Begin PBXBuildFile section */
		606469BA8489963620B223C0 /* Pods_fit_swift_client.framework in Frameworks */ = {isa = PBXBuildFile; fileRef = 3BB627186ABA4FED942D9F22 /* Pods_fit_swift_client.framework */; };
		841DC29C237167B50075BA8C /* PasswordField.swift in Sources */ = {isa = PBXBuildFile; fileRef = 841DC29B237167B50075BA8C /* PasswordField.swift */; };
		841DC29E237169F30075BA8C /* Label.swift in Sources */ = {isa = PBXBuildFile; fileRef = 841DC29D237169F30075BA8C /* Label.swift */; };
		841DC2A02371BE2E0075BA8C /* LoginViewModel.swift in Sources */ = {isa = PBXBuildFile; fileRef = 841DC29F2371BE2E0075BA8C /* LoginViewModel.swift */; };
		841DC2A22371C4870075BA8C /* DashboardViewController.swift in Sources */ = {isa = PBXBuildFile; fileRef = 841DC2A12371C4870075BA8C /* DashboardViewController.swift */; };
		8452C423235CCB2D009E99E8 /* User.swift in Sources */ = {isa = PBXBuildFile; fileRef = 8452C422235CCB2D009E99E8 /* User.swift */; };
		8452C427235CCCC9009E99E8 /* FithubUI.swift in Sources */ = {isa = PBXBuildFile; fileRef = 8452C426235CCCC9009E99E8 /* FithubUI.swift */; };
		8452C42C235DF5BD009E99E8 /* Extensions.swift in Sources */ = {isa = PBXBuildFile; fileRef = 8452C42B235DF5BD009E99E8 /* Extensions.swift */; };
		8452C430235E051F009E99E8 /* Assets.xcassets in Resources */ = {isa = PBXBuildFile; fileRef = 8452C42F235E051F009E99E8 /* Assets.xcassets */; };
		845CD7A123722463002917A9 /* DashboardRouter.swift in Sources */ = {isa = PBXBuildFile; fileRef = 845CD7A023722463002917A9 /* DashboardRouter.swift */; };
		845CD7A32372249D002917A9 /* DashboardViewModel.swift in Sources */ = {isa = PBXBuildFile; fileRef = 845CD7A22372249D002917A9 /* DashboardViewModel.swift */; };
		846C033D2397C28B00798397 /* BasicComponentViewController.swift in Sources */ = {isa = PBXBuildFile; fileRef = 846C033C2397C28B00798397 /* BasicComponentViewController.swift */; };
		84710C26236A1B3C0027AEC5 /* Avenir.ttc in Resources */ = {isa = PBXBuildFile; fileRef = 84710C25236A1B3C0027AEC5 /* Avenir.ttc */; };
		84710C2A236A31F20027AEC5 /* TextField.swift in Sources */ = {isa = PBXBuildFile; fileRef = 84710C29236A31F20027AEC5 /* TextField.swift */; };
		847CE0C1234E52D8002FC12E /* CommonUIConstants.swift in Sources */ = {isa = PBXBuildFile; fileRef = 847CE0C0234E52D8002FC12E /* CommonUIConstants.swift */; };
		847CE0C3234E549A002FC12E /* Button.swift in Sources */ = {isa = PBXBuildFile; fileRef = 847CE0C2234E549A002FC12E /* Button.swift */; };
		847CE0C7234E5D86002FC12E /* RouterProtocol.swift in Sources */ = {isa = PBXBuildFile; fileRef = 847CE0C6234E5D86002FC12E /* RouterProtocol.swift */; };
		8495FAFF2372C09C003E7150 /* SignUpViewController.swift in Sources */ = {isa = PBXBuildFile; fileRef = 8495FAFE2372C09C003E7150 /* SignUpViewController.swift */; };
		8495FB012372C134003E7150 /* SignUpRouter.swift in Sources */ = {isa = PBXBuildFile; fileRef = 8495FB002372C134003E7150 /* SignUpRouter.swift */; };
		8495FB032372C1B6003E7150 /* SignUpViewModel.swift in Sources */ = {isa = PBXBuildFile; fileRef = 8495FB022372C1B6003E7150 /* SignUpViewModel.swift */; };
		84A2A1DD234D37690078EE29 /* AppDelegate.swift in Sources */ = {isa = PBXBuildFile; fileRef = 84A2A1DC234D37690078EE29 /* AppDelegate.swift */; };
		84A2A1DF234D37690078EE29 /* LoginViewController.swift in Sources */ = {isa = PBXBuildFile; fileRef = 84A2A1DE234D37690078EE29 /* LoginViewController.swift */; };
		84A2A1E7234D376A0078EE29 /* LaunchScreen.storyboard in Resources */ = {isa = PBXBuildFile; fileRef = 84A2A1E5234D376A0078EE29 /* LaunchScreen.storyboard */; };
		84BC82C3234E508500821DD5 /* LoginRouter.swift in Sources */ = {isa = PBXBuildFile; fileRef = 84BC82C2234E508500821DD5 /* LoginRouter.swift */; };
		84C888602396BFEE00F2C2E3 /* BasicTile.swift in Sources */ = {isa = PBXBuildFile; fileRef = 84C8885F2396BFEE00F2C2E3 /* BasicTile.swift */; };
		84C888622396C38A00F2C2E3 /* ComponentTitle.swift in Sources */ = {isa = PBXBuildFile; fileRef = 84C888612396C38A00F2C2E3 /* ComponentTitle.swift */; };
		84EA434F238A028600CF853D /* ImageUtility.swift in Sources */ = {isa = PBXBuildFile; fileRef = 84EA434E238A028600CF853D /* ImageUtility.swift */; };
		84EA4351238A116E00CF853D /* AccountType.swift in Sources */ = {isa = PBXBuildFile; fileRef = 84EA4350238A116E00CF853D /* AccountType.swift */; };
		84EA4356238A129800CF853D /* MD5Hasher.swift in Sources */ = {isa = PBXBuildFile; fileRef = 84EA4355238A129800CF853D /* MD5Hasher.swift */; };
/* End PBXBuildFile section */

/* Begin PBXFileReference section */
		23FBAC3A15CCC3D59DD73D54 /* Pods-fit-swift-client.debug.xcconfig */ = {isa = PBXFileReference; includeInIndex = 1; lastKnownFileType = text.xcconfig; name = "Pods-fit-swift-client.debug.xcconfig"; path = "Target Support Files/Pods-fit-swift-client/Pods-fit-swift-client.debug.xcconfig"; sourceTree = "<group>"; };
		3BB627186ABA4FED942D9F22 /* Pods_fit_swift_client.framework */ = {isa = PBXFileReference; explicitFileType = wrapper.framework; includeInIndex = 0; path = Pods_fit_swift_client.framework; sourceTree = BUILT_PRODUCTS_DIR; };
		841DC29B237167B50075BA8C /* PasswordField.swift */ = {isa = PBXFileReference; lastKnownFileType = sourcecode.swift; path = PasswordField.swift; sourceTree = "<group>"; };
		841DC29D237169F30075BA8C /* Label.swift */ = {isa = PBXFileReference; lastKnownFileType = sourcecode.swift; path = Label.swift; sourceTree = "<group>"; };
		841DC29F2371BE2E0075BA8C /* LoginViewModel.swift */ = {isa = PBXFileReference; lastKnownFileType = sourcecode.swift; path = LoginViewModel.swift; sourceTree = "<group>"; };
		841DC2A12371C4870075BA8C /* DashboardViewController.swift */ = {isa = PBXFileReference; lastKnownFileType = sourcecode.swift; path = DashboardViewController.swift; sourceTree = "<group>"; };
		8452C422235CCB2D009E99E8 /* User.swift */ = {isa = PBXFileReference; lastKnownFileType = sourcecode.swift; path = User.swift; sourceTree = "<group>"; };
		8452C426235CCCC9009E99E8 /* FithubUI.swift */ = {isa = PBXFileReference; lastKnownFileType = sourcecode.swift; path = FithubUI.swift; sourceTree = "<group>"; };
		8452C42B235DF5BD009E99E8 /* Extensions.swift */ = {isa = PBXFileReference; lastKnownFileType = sourcecode.swift; path = Extensions.swift; sourceTree = "<group>"; };
		8452C42F235E051F009E99E8 /* Assets.xcassets */ = {isa = PBXFileReference; lastKnownFileType = folder.assetcatalog; path = Assets.xcassets; sourceTree = "<group>"; };
		845CD7A023722463002917A9 /* DashboardRouter.swift */ = {isa = PBXFileReference; lastKnownFileType = sourcecode.swift; path = DashboardRouter.swift; sourceTree = "<group>"; };
		845CD7A22372249D002917A9 /* DashboardViewModel.swift */ = {isa = PBXFileReference; lastKnownFileType = sourcecode.swift; path = DashboardViewModel.swift; sourceTree = "<group>"; };
		846C033C2397C28B00798397 /* BasicComponentViewController.swift */ = {isa = PBXFileReference; lastKnownFileType = sourcecode.swift; path = BasicComponentViewController.swift; sourceTree = "<group>"; };
		84710C25236A1B3C0027AEC5 /* Avenir.ttc */ = {isa = PBXFileReference; lastKnownFileType = file; path = Avenir.ttc; sourceTree = "<group>"; };
		84710C29236A31F20027AEC5 /* TextField.swift */ = {isa = PBXFileReference; lastKnownFileType = sourcecode.swift; path = TextField.swift; sourceTree = "<group>"; };
		847CE0C0234E52D8002FC12E /* CommonUIConstants.swift */ = {isa = PBXFileReference; lastKnownFileType = sourcecode.swift; path = CommonUIConstants.swift; sourceTree = "<group>"; };
		847CE0C2234E549A002FC12E /* Button.swift */ = {isa = PBXFileReference; lastKnownFileType = sourcecode.swift; path = Button.swift; sourceTree = "<group>"; };
		847CE0C6234E5D86002FC12E /* RouterProtocol.swift */ = {isa = PBXFileReference; lastKnownFileType = sourcecode.swift; path = RouterProtocol.swift; sourceTree = "<group>"; };
		8495FAFE2372C09C003E7150 /* SignUpViewController.swift */ = {isa = PBXFileReference; lastKnownFileType = sourcecode.swift; path = SignUpViewController.swift; sourceTree = "<group>"; };
		8495FB002372C134003E7150 /* SignUpRouter.swift */ = {isa = PBXFileReference; lastKnownFileType = sourcecode.swift; path = SignUpRouter.swift; sourceTree = "<group>"; };
		8495FB022372C1B6003E7150 /* SignUpViewModel.swift */ = {isa = PBXFileReference; lastKnownFileType = sourcecode.swift; path = SignUpViewModel.swift; sourceTree = "<group>"; };
		84A2A1D9234D37690078EE29 /* fit-swift-client.app */ = {isa = PBXFileReference; explicitFileType = wrapper.application; includeInIndex = 0; path = "fit-swift-client.app"; sourceTree = BUILT_PRODUCTS_DIR; };
		84A2A1DC234D37690078EE29 /* AppDelegate.swift */ = {isa = PBXFileReference; lastKnownFileType = sourcecode.swift; path = AppDelegate.swift; sourceTree = "<group>"; };
		84A2A1DE234D37690078EE29 /* LoginViewController.swift */ = {isa = PBXFileReference; lastKnownFileType = sourcecode.swift; path = LoginViewController.swift; sourceTree = "<group>"; };
		84A2A1E6234D376A0078EE29 /* Base */ = {isa = PBXFileReference; lastKnownFileType = file.storyboard; name = Base; path = Base.lproj/LaunchScreen.storyboard; sourceTree = "<group>"; };
		84A2A1E8234D376A0078EE29 /* Info.plist */ = {isa = PBXFileReference; lastKnownFileType = text.plist.xml; path = Info.plist; sourceTree = "<group>"; };
		84BC82C2234E508500821DD5 /* LoginRouter.swift */ = {isa = PBXFileReference; lastKnownFileType = sourcecode.swift; path = LoginRouter.swift; sourceTree = "<group>"; };
		84C8885F2396BFEE00F2C2E3 /* BasicTile.swift */ = {isa = PBXFileReference; lastKnownFileType = sourcecode.swift; path = BasicTile.swift; sourceTree = "<group>"; };
		84C888612396C38A00F2C2E3 /* ComponentTitle.swift */ = {isa = PBXFileReference; lastKnownFileType = sourcecode.swift; path = ComponentTitle.swift; sourceTree = "<group>"; };
		84EA434E238A028600CF853D /* ImageUtility.swift */ = {isa = PBXFileReference; lastKnownFileType = sourcecode.swift; path = ImageUtility.swift; sourceTree = "<group>"; };
		84EA4350238A116E00CF853D /* AccountType.swift */ = {isa = PBXFileReference; lastKnownFileType = sourcecode.swift; path = AccountType.swift; sourceTree = "<group>"; };
		84EA4355238A129800CF853D /* MD5Hasher.swift */ = {isa = PBXFileReference; lastKnownFileType = sourcecode.swift; path = MD5Hasher.swift; sourceTree = "<group>"; };
		F8108912A7B22E38243162D5 /* Pods-fit-swift-client.release.xcconfig */ = {isa = PBXFileReference; includeInIndex = 1; lastKnownFileType = text.xcconfig; name = "Pods-fit-swift-client.release.xcconfig"; path = "Target Support Files/Pods-fit-swift-client/Pods-fit-swift-client.release.xcconfig"; sourceTree = "<group>"; };
/* End PBXFileReference section */

/* Begin PBXFrameworksBuildPhase section */
		84A2A1D6234D37690078EE29 /* Frameworks */ = {
			isa = PBXFrameworksBuildPhase;
			buildActionMask = 2147483647;
			files = (
				606469BA8489963620B223C0 /* Pods_fit_swift_client.framework in Frameworks */,
			);
			runOnlyForDeploymentPostprocessing = 0;
		};
/* End PBXFrameworksBuildPhase section */

/* Begin PBXGroup section */
		063A12911A3D6199DCA7A935 /* Pods */ = {
			isa = PBXGroup;
			children = (
				23FBAC3A15CCC3D59DD73D54 /* Pods-fit-swift-client.debug.xcconfig */,
				F8108912A7B22E38243162D5 /* Pods-fit-swift-client.release.xcconfig */,
			);
			path = Pods;
			sourceTree = "<group>";
		};
		8452C421235CCB16009E99E8 /* Models */ = {
			isa = PBXGroup;
			children = (
				84EA4352238A11A700CF853D /* Enums */,
				8452C422235CCB2D009E99E8 /* User.swift */,
			);
			path = Models;
			sourceTree = "<group>";
		};
		8452C428235DF3B1009E99E8 /* UI */ = {
			isa = PBXGroup;
			children = (
				8452C426235CCCC9009E99E8 /* FithubUI.swift */,
				847CE0C0234E52D8002FC12E /* CommonUIConstants.swift */,
				847CE0C2234E549A002FC12E /* Button.swift */,
				84710C29236A31F20027AEC5 /* TextField.swift */,
				841DC29B237167B50075BA8C /* PasswordField.swift */,
				841DC29D237169F30075BA8C /* Label.swift */,
				84C8885F2396BFEE00F2C2E3 /* BasicTile.swift */,
				84C888612396C38A00F2C2E3 /* ComponentTitle.swift */,
			);
			path = UI;
			sourceTree = "<group>";
		};
		8452C429235DF3C8009E99E8 /* ViewModels */ = {
			isa = PBXGroup;
			children = (
				841DC29F2371BE2E0075BA8C /* LoginViewModel.swift */,
				845CD7A22372249D002917A9 /* DashboardViewModel.swift */,
				8495FB022372C1B6003E7150 /* SignUpViewModel.swift */,
			);
			path = ViewModels;
			sourceTree = "<group>";
		};
		8452C42A235DF3D9009E99E8 /* Utility */ = {
			isa = PBXGroup;
			children = (
				84EA434E238A028600CF853D /* ImageUtility.swift */,
				84EA4355238A129800CF853D /* MD5Hasher.swift */,
			);
			path = Utility;
			sourceTree = "<group>";
		};
		84710C24236A1ADE0027AEC5 /* Resources */ = {
			isa = PBXGroup;
			children = (
				84710C25236A1B3C0027AEC5 /* Avenir.ttc */,
				8452C42F235E051F009E99E8 /* Assets.xcassets */,
			);
			path = Resources;
			sourceTree = "<group>";
		};
		847CE0C8234E5F0A002FC12E /* Core */ = {
			isa = PBXGroup;
			children = (
				8452C42A235DF3D9009E99E8 /* Utility */,
				8452C428235DF3B1009E99E8 /* UI */,
				847CE0C6234E5D86002FC12E /* RouterProtocol.swift */,
				8452C42B235DF5BD009E99E8 /* Extensions.swift */,
			);
			path = Core;
			sourceTree = "<group>";
		};
		84A2A1D0234D37690078EE29 = {
			isa = PBXGroup;
			children = (
				84A2A1DB234D37690078EE29 /* fit-swift-client */,
				84A2A1DA234D37690078EE29 /* Products */,
				063A12911A3D6199DCA7A935 /* Pods */,
				CD9EC9AC8EAAF3CFA40EF6A2 /* Frameworks */,
			);
			sourceTree = "<group>";
		};
		84A2A1DA234D37690078EE29 /* Products */ = {
			isa = PBXGroup;
			children = (
				84A2A1D9234D37690078EE29 /* fit-swift-client.app */,
			);
			name = Products;
			sourceTree = "<group>";
		};
		84A2A1DB234D37690078EE29 /* fit-swift-client */ = {
			isa = PBXGroup;
			children = (
				84710C24236A1ADE0027AEC5 /* Resources */,
				8452C429235DF3C8009E99E8 /* ViewModels */,
				8452C421235CCB16009E99E8 /* Models */,
				847CE0C8234E5F0A002FC12E /* Core */,
				84BC82BE234E502000821DD5 /* Routers */,
				84BC82BD234E501100821DD5 /* Controllers */,
				84A2A1DC234D37690078EE29 /* AppDelegate.swift */,
				84A2A1E5234D376A0078EE29 /* LaunchScreen.storyboard */,
				84A2A1E8234D376A0078EE29 /* Info.plist */,
			);
			path = "fit-swift-client";
			sourceTree = "<group>";
		};
		84BC82BD234E501100821DD5 /* Controllers */ = {
			isa = PBXGroup;
			children = (
				84A2A1DE234D37690078EE29 /* LoginViewController.swift */,
				841DC2A12371C4870075BA8C /* DashboardViewController.swift */,
				8495FAFE2372C09C003E7150 /* SignUpViewController.swift */,
				846C033C2397C28B00798397 /* BasicComponentViewController.swift */,
			);
			path = Controllers;
			sourceTree = "<group>";
		};
		84BC82BE234E502000821DD5 /* Routers */ = {
			isa = PBXGroup;
			children = (
				84BC82C2234E508500821DD5 /* LoginRouter.swift */,
				845CD7A023722463002917A9 /* DashboardRouter.swift */,
				8495FB002372C134003E7150 /* SignUpRouter.swift */,
			);
			path = Routers;
			sourceTree = "<group>";
		};
		84EA4352238A11A700CF853D /* Enums */ = {
			isa = PBXGroup;
			children = (
				84EA4350238A116E00CF853D /* AccountType.swift */,
			);
			path = Enums;
			sourceTree = "<group>";
		};
		CD9EC9AC8EAAF3CFA40EF6A2 /* Frameworks */ = {
			isa = PBXGroup;
			children = (
				3BB627186ABA4FED942D9F22 /* Pods_fit_swift_client.framework */,
			);
			name = Frameworks;
			sourceTree = "<group>";
		};
/* End PBXGroup section */

/* Begin PBXNativeTarget section */
		84A2A1D8234D37690078EE29 /* fit-swift-client */ = {
			isa = PBXNativeTarget;
			buildConfigurationList = 84A2A1EB234D376A0078EE29 /* Build configuration list for PBXNativeTarget "fit-swift-client" */;
			buildPhases = (
				E50B652E63A4E3883C909B5F /* [CP] Check Pods Manifest.lock */,
				84A2A1D5234D37690078EE29 /* Sources */,
				84A2A1D6234D37690078EE29 /* Frameworks */,
				84A2A1D7234D37690078EE29 /* Resources */,
				E8EA7DA1C3BFAFFFD1CE9147 /* [CP] Embed Pods Frameworks */,
			);
			buildRules = (
			);
			dependencies = (
			);
			name = "fit-swift-client";
			productName = "fit-swift-client";
			productReference = 84A2A1D9234D37690078EE29 /* fit-swift-client.app */;
			productType = "com.apple.product-type.application";
		};
/* End PBXNativeTarget section */

/* Begin PBXProject section */
		84A2A1D1234D37690078EE29 /* Project object */ = {
			isa = PBXProject;
			attributes = {
				LastSwiftUpdateCheck = 1020;
				LastUpgradeCheck = 1020;
				ORGANIZATIONNAME = "Dominik Urbaez Gomez";
				TargetAttributes = {
					84A2A1D8234D37690078EE29 = {
						CreatedOnToolsVersion = 10.2.1;
					};
				};
			};
			buildConfigurationList = 84A2A1D4234D37690078EE29 /* Build configuration list for PBXProject "fit-swift-client" */;
			compatibilityVersion = "Xcode 9.3";
			developmentRegion = en;
			hasScannedForEncodings = 0;
			knownRegions = (
				en,
				Base,
			);
			mainGroup = 84A2A1D0234D37690078EE29;
			productRefGroup = 84A2A1DA234D37690078EE29 /* Products */;
			projectDirPath = "";
			projectRoot = "";
			targets = (
				84A2A1D8234D37690078EE29 /* fit-swift-client */,
			);
		};
/* End PBXProject section */

/* Begin PBXResourcesBuildPhase section */
		84A2A1D7234D37690078EE29 /* Resources */ = {
			isa = PBXResourcesBuildPhase;
			buildActionMask = 2147483647;
			files = (
				8452C430235E051F009E99E8 /* Assets.xcassets in Resources */,
				84A2A1E7234D376A0078EE29 /* LaunchScreen.storyboard in Resources */,
				84710C26236A1B3C0027AEC5 /* Avenir.ttc in Resources */,
			);
			runOnlyForDeploymentPostprocessing = 0;
		};
/* End PBXResourcesBuildPhase section */

/* Begin PBXShellScriptBuildPhase section */
		E50B652E63A4E3883C909B5F /* [CP] Check Pods Manifest.lock */ = {
			isa = PBXShellScriptBuildPhase;
			buildActionMask = 2147483647;
			files = (
			);
			inputFileListPaths = (
			);
			inputPaths = (
				"${PODS_PODFILE_DIR_PATH}/Podfile.lock",
				"${PODS_ROOT}/Manifest.lock",
			);
			name = "[CP] Check Pods Manifest.lock";
			outputFileListPaths = (
			);
			outputPaths = (
				"$(DERIVED_FILE_DIR)/Pods-fit-swift-client-checkManifestLockResult.txt",
			);
			runOnlyForDeploymentPostprocessing = 0;
			shellPath = /bin/sh;
			shellScript = "diff \"${PODS_PODFILE_DIR_PATH}/Podfile.lock\" \"${PODS_ROOT}/Manifest.lock\" > /dev/null\nif [ $? != 0 ] ; then\n    # print error to STDERR\n    echo \"error: The sandbox is not in sync with the Podfile.lock. Run 'pod install' or update your CocoaPods installation.\" >&2\n    exit 1\nfi\n# This output is used by Xcode 'outputs' to avoid re-running this script phase.\necho \"SUCCESS\" > \"${SCRIPT_OUTPUT_FILE_0}\"\n";
			showEnvVarsInLog = 0;
		};
		E8EA7DA1C3BFAFFFD1CE9147 /* [CP] Embed Pods Frameworks */ = {
			isa = PBXShellScriptBuildPhase;
			buildActionMask = 2147483647;
			files = (
			);
			inputFileListPaths = (
			);
			inputPaths = (
				"${PODS_ROOT}/Target Support Files/Pods-fit-swift-client/Pods-fit-swift-client-frameworks.sh",
				"${BUILT_PRODUCTS_DIR}/EasyPeasy/EasyPeasy.framework",
			);
			name = "[CP] Embed Pods Frameworks";
			outputFileListPaths = (
			);
			outputPaths = (
				"${TARGET_BUILD_DIR}/${FRAMEWORKS_FOLDER_PATH}/EasyPeasy.framework",
			);
			runOnlyForDeploymentPostprocessing = 0;
			shellPath = /bin/sh;
			shellScript = "\"${PODS_ROOT}/Target Support Files/Pods-fit-swift-client/Pods-fit-swift-client-frameworks.sh\"\n";
			showEnvVarsInLog = 0;
		};
/* End PBXShellScriptBuildPhase section */

/* Begin PBXSourcesBuildPhase section */
		84A2A1D5234D37690078EE29 /* Sources */ = {
			isa = PBXSourcesBuildPhase;
			buildActionMask = 2147483647;
			files = (
				8495FB012372C134003E7150 /* SignUpRouter.swift in Sources */,
				84EA4351238A116E00CF853D /* AccountType.swift in Sources */,
				84BC82C3234E508500821DD5 /* LoginRouter.swift in Sources */,
				841DC2A22371C4870075BA8C /* DashboardViewController.swift in Sources */,
				847CE0C3234E549A002FC12E /* Button.swift in Sources */,
				841DC29E237169F30075BA8C /* Label.swift in Sources */,
				8495FB032372C1B6003E7150 /* SignUpViewModel.swift in Sources */,
				847CE0C7234E5D86002FC12E /* RouterProtocol.swift in Sources */,
				8495FAFF2372C09C003E7150 /* SignUpViewController.swift in Sources */,
				84EA434F238A028600CF853D /* ImageUtility.swift in Sources */,
				84EA4356238A129800CF853D /* MD5Hasher.swift in Sources */,
				84710C2A236A31F20027AEC5 /* TextField.swift in Sources */,
				84C888622396C38A00F2C2E3 /* ComponentTitle.swift in Sources */,
				847CE0C1234E52D8002FC12E /* CommonUIConstants.swift in Sources */,
				846C033D2397C28B00798397 /* BasicComponentViewController.swift in Sources */,
				845CD7A32372249D002917A9 /* DashboardViewModel.swift in Sources */,
				845CD7A123722463002917A9 /* DashboardRouter.swift in Sources */,
				84C888602396BFEE00F2C2E3 /* BasicTile.swift in Sources */,
				8452C423235CCB2D009E99E8 /* User.swift in Sources */,
				841DC29C237167B50075BA8C /* PasswordField.swift in Sources */,
				841DC2A02371BE2E0075BA8C /* LoginViewModel.swift in Sources */,
				8452C42C235DF5BD009E99E8 /* Extensions.swift in Sources */,
				84A2A1DF234D37690078EE29 /* LoginViewController.swift in Sources */,
				8452C427235CCCC9009E99E8 /* FithubUI.swift in Sources */,
				84A2A1DD234D37690078EE29 /* AppDelegate.swift in Sources */,
			);
			runOnlyForDeploymentPostprocessing = 0;
		};
/* End PBXSourcesBuildPhase section */

/* Begin PBXVariantGroup section */
		84A2A1E5234D376A0078EE29 /* LaunchScreen.storyboard */ = {
			isa = PBXVariantGroup;
			children = (
				84A2A1E6234D376A0078EE29 /* Base */,
			);
			name = LaunchScreen.storyboard;
			sourceTree = "<group>";
		};
/* End PBXVariantGroup section */

/* Begin XCBuildConfiguration section */
		84A2A1E9234D376A0078EE29 /* Debug */ = {
			isa = XCBuildConfiguration;
			buildSettings = {
				ALWAYS_SEARCH_USER_PATHS = NO;
				CLANG_ANALYZER_NONNULL = YES;
				CLANG_ANALYZER_NUMBER_OBJECT_CONVERSION = YES_AGGRESSIVE;
				CLANG_CXX_LANGUAGE_STANDARD = "gnu++14";
				CLANG_CXX_LIBRARY = "libc++";
				CLANG_ENABLE_MODULES = YES;
				CLANG_ENABLE_OBJC_ARC = YES;
				CLANG_ENABLE_OBJC_WEAK = YES;
				CLANG_WARN_BLOCK_CAPTURE_AUTORELEASING = YES;
				CLANG_WARN_BOOL_CONVERSION = YES;
				CLANG_WARN_COMMA = YES;
				CLANG_WARN_CONSTANT_CONVERSION = YES;
				CLANG_WARN_DEPRECATED_OBJC_IMPLEMENTATIONS = YES;
				CLANG_WARN_DIRECT_OBJC_ISA_USAGE = YES_ERROR;
				CLANG_WARN_DOCUMENTATION_COMMENTS = YES;
				CLANG_WARN_EMPTY_BODY = YES;
				CLANG_WARN_ENUM_CONVERSION = YES;
				CLANG_WARN_INFINITE_RECURSION = YES;
				CLANG_WARN_INT_CONVERSION = YES;
				CLANG_WARN_NON_LITERAL_NULL_CONVERSION = YES;
				CLANG_WARN_OBJC_IMPLICIT_RETAIN_SELF = YES;
				CLANG_WARN_OBJC_LITERAL_CONVERSION = YES;
				CLANG_WARN_OBJC_ROOT_CLASS = YES_ERROR;
				CLANG_WARN_RANGE_LOOP_ANALYSIS = YES;
				CLANG_WARN_STRICT_PROTOTYPES = YES;
				CLANG_WARN_SUSPICIOUS_MOVE = YES;
				CLANG_WARN_UNGUARDED_AVAILABILITY = YES_AGGRESSIVE;
				CLANG_WARN_UNREACHABLE_CODE = YES;
				CLANG_WARN__DUPLICATE_METHOD_MATCH = YES;
				CODE_SIGN_IDENTITY = "iPhone Developer";
				COPY_PHASE_STRIP = NO;
				DEBUG_INFORMATION_FORMAT = dwarf;
				ENABLE_STRICT_OBJC_MSGSEND = YES;
				ENABLE_TESTABILITY = YES;
				GCC_C_LANGUAGE_STANDARD = gnu11;
				GCC_DYNAMIC_NO_PIC = NO;
				GCC_NO_COMMON_BLOCKS = YES;
				GCC_OPTIMIZATION_LEVEL = 0;
				GCC_PREPROCESSOR_DEFINITIONS = (
					"DEBUG=1",
					"$(inherited)",
				);
				GCC_WARN_64_TO_32_BIT_CONVERSION = YES;
				GCC_WARN_ABOUT_RETURN_TYPE = YES_ERROR;
				GCC_WARN_UNDECLARED_SELECTOR = YES;
				GCC_WARN_UNINITIALIZED_AUTOS = YES_AGGRESSIVE;
				GCC_WARN_UNUSED_FUNCTION = YES;
				GCC_WARN_UNUSED_VARIABLE = YES;
				IPHONEOS_DEPLOYMENT_TARGET = 12.2;
				MTL_ENABLE_DEBUG_INFO = INCLUDE_SOURCE;
				MTL_FAST_MATH = YES;
				ONLY_ACTIVE_ARCH = YES;
				SDKROOT = iphoneos;
				SWIFT_ACTIVE_COMPILATION_CONDITIONS = DEBUG;
				SWIFT_OPTIMIZATION_LEVEL = "-Onone";
			};
			name = Debug;
		};
		84A2A1EA234D376A0078EE29 /* Release */ = {
			isa = XCBuildConfiguration;
			buildSettings = {
				ALWAYS_SEARCH_USER_PATHS = NO;
				CLANG_ANALYZER_NONNULL = YES;
				CLANG_ANALYZER_NUMBER_OBJECT_CONVERSION = YES_AGGRESSIVE;
				CLANG_CXX_LANGUAGE_STANDARD = "gnu++14";
				CLANG_CXX_LIBRARY = "libc++";
				CLANG_ENABLE_MODULES = YES;
				CLANG_ENABLE_OBJC_ARC = YES;
				CLANG_ENABLE_OBJC_WEAK = YES;
				CLANG_WARN_BLOCK_CAPTURE_AUTORELEASING = YES;
				CLANG_WARN_BOOL_CONVERSION = YES;
				CLANG_WARN_COMMA = YES;
				CLANG_WARN_CONSTANT_CONVERSION = YES;
				CLANG_WARN_DEPRECATED_OBJC_IMPLEMENTATIONS = YES;
				CLANG_WARN_DIRECT_OBJC_ISA_USAGE = YES_ERROR;
				CLANG_WARN_DOCUMENTATION_COMMENTS = YES;
				CLANG_WARN_EMPTY_BODY = YES;
				CLANG_WARN_ENUM_CONVERSION = YES;
				CLANG_WARN_INFINITE_RECURSION = YES;
				CLANG_WARN_INT_CONVERSION = YES;
				CLANG_WARN_NON_LITERAL_NULL_CONVERSION = YES;
				CLANG_WARN_OBJC_IMPLICIT_RETAIN_SELF = YES;
				CLANG_WARN_OBJC_LITERAL_CONVERSION = YES;
				CLANG_WARN_OBJC_ROOT_CLASS = YES_ERROR;
				CLANG_WARN_RANGE_LOOP_ANALYSIS = YES;
				CLANG_WARN_STRICT_PROTOTYPES = YES;
				CLANG_WARN_SUSPICIOUS_MOVE = YES;
				CLANG_WARN_UNGUARDED_AVAILABILITY = YES_AGGRESSIVE;
				CLANG_WARN_UNREACHABLE_CODE = YES;
				CLANG_WARN__DUPLICATE_METHOD_MATCH = YES;
				CODE_SIGN_IDENTITY = "iPhone Developer";
				COPY_PHASE_STRIP = NO;
				DEBUG_INFORMATION_FORMAT = "dwarf-with-dsym";
				ENABLE_NS_ASSERTIONS = NO;
				ENABLE_STRICT_OBJC_MSGSEND = YES;
				GCC_C_LANGUAGE_STANDARD = gnu11;
				GCC_NO_COMMON_BLOCKS = YES;
				GCC_WARN_64_TO_32_BIT_CONVERSION = YES;
				GCC_WARN_ABOUT_RETURN_TYPE = YES_ERROR;
				GCC_WARN_UNDECLARED_SELECTOR = YES;
				GCC_WARN_UNINITIALIZED_AUTOS = YES_AGGRESSIVE;
				GCC_WARN_UNUSED_FUNCTION = YES;
				GCC_WARN_UNUSED_VARIABLE = YES;
				IPHONEOS_DEPLOYMENT_TARGET = 12.2;
				MTL_ENABLE_DEBUG_INFO = NO;
				MTL_FAST_MATH = YES;
				SDKROOT = iphoneos;
				SWIFT_COMPILATION_MODE = wholemodule;
				SWIFT_OPTIMIZATION_LEVEL = "-O";
				VALIDATE_PRODUCT = YES;
			};
			name = Release;
		};
		84A2A1EC234D376A0078EE29 /* Debug */ = {
			isa = XCBuildConfiguration;
			baseConfigurationReference = 23FBAC3A15CCC3D59DD73D54 /* Pods-fit-swift-client.debug.xcconfig */;
			buildSettings = {
				ASSETCATALOG_COMPILER_APPICON_NAME = AppIcon;
				CODE_SIGN_STYLE = Automatic;
				DEVELOPMENT_TEAM = 8DN4ND55V5;
				INFOPLIST_FILE = "fit-swift-client/Info.plist";
				IPHONEOS_DEPLOYMENT_TARGET = 13.2;
				LD_RUNPATH_SEARCH_PATHS = (
					"$(inherited)",
					"@executable_path/Frameworks",
				);
				PRODUCT_BUNDLE_IDENTIFIER = "Dominik-Urbaez-Gomez.fit-swift-client";
				PRODUCT_NAME = "$(TARGET_NAME)";
				SWIFT_VERSION = 5.0;
				TARGETED_DEVICE_FAMILY = 1;
			};
			name = Debug;
		};
		84A2A1ED234D376A0078EE29 /* Release */ = {
			isa = XCBuildConfiguration;
			baseConfigurationReference = F8108912A7B22E38243162D5 /* Pods-fit-swift-client.release.xcconfig */;
			buildSettings = {
				ASSETCATALOG_COMPILER_APPICON_NAME = AppIcon;
				CODE_SIGN_STYLE = Automatic;
				DEVELOPMENT_TEAM = 8DN4ND55V5;
				INFOPLIST_FILE = "fit-swift-client/Info.plist";
				IPHONEOS_DEPLOYMENT_TARGET = 13.2;
				LD_RUNPATH_SEARCH_PATHS = (
					"$(inherited)",
					"@executable_path/Frameworks",
				);
				PRODUCT_BUNDLE_IDENTIFIER = "Dominik-Urbaez-Gomez.fit-swift-client";
				PRODUCT_NAME = "$(TARGET_NAME)";
				SWIFT_VERSION = 5.0;
				TARGETED_DEVICE_FAMILY = 1;
			};
			name = Release;
		};
/* End XCBuildConfiguration section */

/* Begin XCConfigurationList section */
		84A2A1D4234D37690078EE29 /* Build configuration list for PBXProject "fit-swift-client" */ = {
			isa = XCConfigurationList;
			buildConfigurations = (
				84A2A1E9234D376A0078EE29 /* Debug */,
				84A2A1EA234D376A0078EE29 /* Release */,
			);
			defaultConfigurationIsVisible = 0;
			defaultConfigurationName = Release;
		};
		84A2A1EB234D376A0078EE29 /* Build configuration list for PBXNativeTarget "fit-swift-client" */ = {
			isa = XCConfigurationList;
			buildConfigurations = (
				84A2A1EC234D376A0078EE29 /* Debug */,
				84A2A1ED234D376A0078EE29 /* Release */,
			);
			defaultConfigurationIsVisible = 0;
			defaultConfigurationName = Release;
		};
/* End XCConfigurationList section */
	};
	rootObject = 84A2A1D1234D37690078EE29 /* Project object */;
}
