// !$*UTF8*$!
{
	archiveVersion = 1;
	classes = {
	};
	objectVersion = 50;
	objects = {

/* Begin PBXBuildFile section */
		5620605DC56AB41BCE9DAFB5 /* libPods-fit-swift-client.a in Frameworks */ = {isa = PBXBuildFile; fileRef = 1C0AE37B2C1ACD1FD4AB73FE /* libPods-fit-swift-client.a */; };
		841455FD23CD4A2900296C15 /* HealthKit.framework in Frameworks */ = {isa = PBXBuildFile; fileRef = 841455FC23CD4A2900296C15 /* HealthKit.framework */; };
		8414560123CDC97C00296C15 /* AddNewValueViewController.swift in Sources */ = {isa = PBXBuildFile; fileRef = 8414560023CDC97C00296C15 /* AddNewValueViewController.swift */; };
		8414560323CDCA2A00296C15 /* AddNewRouter.swift in Sources */ = {isa = PBXBuildFile; fileRef = 8414560223CDCA2A00296C15 /* AddNewRouter.swift */; };
		8414560523CDCAB600296C15 /* AddNewValueViewModel.swift in Sources */ = {isa = PBXBuildFile; fileRef = 8414560423CDCAB600296C15 /* AddNewValueViewModel.swift */; };
		8414560723CE227100296C15 /* PickerView.swift in Sources */ = {isa = PBXBuildFile; fileRef = 8414560623CE227100296C15 /* PickerView.swift */; };
		841DC29C237167B50075BA8C /* PasswordField.swift in Sources */ = {isa = PBXBuildFile; fileRef = 841DC29B237167B50075BA8C /* PasswordField.swift */; };
		841DC29E237169F30075BA8C /* Label.swift in Sources */ = {isa = PBXBuildFile; fileRef = 841DC29D237169F30075BA8C /* Label.swift */; };
		841DC2A02371BE2E0075BA8C /* LoginViewModel.swift in Sources */ = {isa = PBXBuildFile; fileRef = 841DC29F2371BE2E0075BA8C /* LoginViewModel.swift */; };
		841DC2A22371C4870075BA8C /* DashboardViewController.swift in Sources */ = {isa = PBXBuildFile; fileRef = 841DC2A12371C4870075BA8C /* DashboardViewController.swift */; };
		843138A12455FB0400ABC0B2 /* StepsProgressManager.swift in Sources */ = {isa = PBXBuildFile; fileRef = 8431389F2455FB0400ABC0B2 /* StepsProgressManager.swift */; };
		843138A22455FB0400ABC0B2 /* StepsProgressView.swift in Sources */ = {isa = PBXBuildFile; fileRef = 843138A02455FB0400ABC0B2 /* StepsProgressView.swift */; };
		8435559023CB655600407CB7 /* UserStore.swift in Sources */ = {isa = PBXBuildFile; fileRef = 8435558F23CB655600407CB7 /* UserStore.swift */; };
		8435559223CB837300407CB7 /* SerializationError.swift in Sources */ = {isa = PBXBuildFile; fileRef = 8435559123CB837300407CB7 /* SerializationError.swift */; };
		8435559423CB922800407CB7 /* MainStore.swift in Sources */ = {isa = PBXBuildFile; fileRef = 8435559323CB922800407CB7 /* MainStore.swift */; };
		8435559923CBCFDD00407CB7 /* CountingLabel.swift in Sources */ = {isa = PBXBuildFile; fileRef = 8435559623CBCFDD00407CB7 /* CountingLabel.swift */; };
		8435E82623CCFC5E00867546 /* RecordsTableViewRouter.swift in Sources */ = {isa = PBXBuildFile; fileRef = 8435E82523CCFC5E00867546 /* RecordsTableViewRouter.swift */; };
		8435E82923CCFE8300867546 /* SimpleRecordTableViewCell.swift in Sources */ = {isa = PBXBuildFile; fileRef = 8435E82823CCFE8300867546 /* SimpleRecordTableViewCell.swift */; };
		8435E82D23CD025600867546 /* WeightsViewModel.swift in Sources */ = {isa = PBXBuildFile; fileRef = 8435E82C23CD025600867546 /* WeightsViewModel.swift */; };
		8435E83323CD1F6800867546 /* CaloriesViewModel.swift in Sources */ = {isa = PBXBuildFile; fileRef = 8435E83223CD1F6800867546 /* CaloriesViewModel.swift */; };
		8452C423235CCB2D009E99E8 /* User.swift in Sources */ = {isa = PBXBuildFile; fileRef = 8452C422235CCB2D009E99E8 /* User.swift */; };
		8452C427235CCCC9009E99E8 /* FithubUI.swift in Sources */ = {isa = PBXBuildFile; fileRef = 8452C426235CCCC9009E99E8 /* FithubUI.swift */; };
		8452C42C235DF5BD009E99E8 /* Extensions.swift in Sources */ = {isa = PBXBuildFile; fileRef = 8452C42B235DF5BD009E99E8 /* Extensions.swift */; };
		8452C430235E051F009E99E8 /* Assets.xcassets in Resources */ = {isa = PBXBuildFile; fileRef = 8452C42F235E051F009E99E8 /* Assets.xcassets */; };
		845CD7A123722463002917A9 /* DashboardRouter.swift in Sources */ = {isa = PBXBuildFile; fileRef = 845CD7A023722463002917A9 /* DashboardRouter.swift */; };
		845CD7A32372249D002917A9 /* DashboardViewModel.swift in Sources */ = {isa = PBXBuildFile; fileRef = 845CD7A22372249D002917A9 /* DashboardViewModel.swift */; };
		846C033D2397C28B00798397 /* BasicComponentViewController.swift in Sources */ = {isa = PBXBuildFile; fileRef = 846C033C2397C28B00798397 /* BasicComponentViewController.swift */; };
		84710C26236A1B3C0027AEC5 /* Avenir.ttc in Resources */ = {isa = PBXBuildFile; fileRef = 84710C25236A1B3C0027AEC5 /* Avenir.ttc */; };
		84710C2A236A31F20027AEC5 /* TextField.swift in Sources */ = {isa = PBXBuildFile; fileRef = 84710C29236A31F20027AEC5 /* TextField.swift */; };
		847381BE239980CB00CFB05F /* NetworkingClient.swift in Sources */ = {isa = PBXBuildFile; fileRef = 847381BD239980CB00CFB05F /* NetworkingClient.swift */; };
		847CE0C1234E52D8002FC12E /* CommonUIConstants.swift in Sources */ = {isa = PBXBuildFile; fileRef = 847CE0C0234E52D8002FC12E /* CommonUIConstants.swift */; };
		847CE0C3234E549A002FC12E /* Button.swift in Sources */ = {isa = PBXBuildFile; fileRef = 847CE0C2234E549A002FC12E /* Button.swift */; };
		847CE0C7234E5D86002FC12E /* RouterProtocol.swift in Sources */ = {isa = PBXBuildFile; fileRef = 847CE0C6234E5D86002FC12E /* RouterProtocol.swift */; };
		8489FE4123C4DC2700104C7A /* Record.swift in Sources */ = {isa = PBXBuildFile; fileRef = 8489FE4023C4DC2700104C7A /* Record.swift */; };
		8489FE4323C4DCFF00104C7A /* RecordType.swift in Sources */ = {isa = PBXBuildFile; fileRef = 8489FE4223C4DCFF00104C7A /* RecordType.swift */; };
		8495FAFF2372C09C003E7150 /* SignUpViewController.swift in Sources */ = {isa = PBXBuildFile; fileRef = 8495FAFE2372C09C003E7150 /* SignUpViewController.swift */; };
		8495FB012372C134003E7150 /* SignUpRouter.swift in Sources */ = {isa = PBXBuildFile; fileRef = 8495FB002372C134003E7150 /* SignUpRouter.swift */; };
		8495FB032372C1B6003E7150 /* SignUpViewModel.swift in Sources */ = {isa = PBXBuildFile; fileRef = 8495FB022372C1B6003E7150 /* SignUpViewModel.swift */; };
		84A2A1DD234D37690078EE29 /* AppDelegate.swift in Sources */ = {isa = PBXBuildFile; fileRef = 84A2A1DC234D37690078EE29 /* AppDelegate.swift */; };
		84A2A1DF234D37690078EE29 /* LoginViewController.swift in Sources */ = {isa = PBXBuildFile; fileRef = 84A2A1DE234D37690078EE29 /* LoginViewController.swift */; };
		84A2A1E7234D376A0078EE29 /* LaunchScreen.storyboard in Resources */ = {isa = PBXBuildFile; fileRef = 84A2A1E5234D376A0078EE29 /* LaunchScreen.storyboard */; };
		84A33DFE23D4998B0091E156 /* DateFormatter.swift in Sources */ = {isa = PBXBuildFile; fileRef = 84A33DFD23D4998B0091E156 /* DateFormatter.swift */; };
		84B06D0C23D33109001C8E94 /* ProgressViewController.swift in Sources */ = {isa = PBXBuildFile; fileRef = 84B06D0B23D33109001C8E94 /* ProgressViewController.swift */; };
		84B06D0E23D331A4001C8E94 /* ProgressRouter.swift in Sources */ = {isa = PBXBuildFile; fileRef = 84B06D0D23D331A4001C8E94 /* ProgressRouter.swift */; };
		84B06D1023D33286001C8E94 /* ProgressViewManager.swift in Sources */ = {isa = PBXBuildFile; fileRef = 84B06D0F23D33286001C8E94 /* ProgressViewManager.swift */; };
		84BA31B124659DC90064330F /* PopupView.swift in Sources */ = {isa = PBXBuildFile; fileRef = 84BA31B024659DC90064330F /* PopupView.swift */; };
		84BA31B32465A0720064330F /* NewValueSelectionViewController.swift in Sources */ = {isa = PBXBuildFile; fileRef = 84BA31B22465A0720064330F /* NewValueSelectionViewController.swift */; };
		84BA31B52465A1100064330F /* NewValueSelectionViewModel.swift in Sources */ = {isa = PBXBuildFile; fileRef = 84BA31B42465A1100064330F /* NewValueSelectionViewModel.swift */; };
		84BA31B72465A1250064330F /* NewValueSelectionRouter.swift in Sources */ = {isa = PBXBuildFile; fileRef = 84BA31B62465A1250064330F /* NewValueSelectionRouter.swift */; };
		84BBB96423B3C99C0017737D /* UserNetworking.swift in Sources */ = {isa = PBXBuildFile; fileRef = 84BBB96323B3C99C0017737D /* UserNetworking.swift */; };
		84BC82C3234E508500821DD5 /* LoginRouter.swift in Sources */ = {isa = PBXBuildFile; fileRef = 84BC82C2234E508500821DD5 /* LoginRouter.swift */; };
		84C1181D245F14FF00F5CFF1 /* SleepViewModel.swift in Sources */ = {isa = PBXBuildFile; fileRef = 84C1181C245F14FF00F5CFF1 /* SleepViewModel.swift */; };
		84C1181F245F1BF500F5CFF1 /* TrainingsViewModel.swift in Sources */ = {isa = PBXBuildFile; fileRef = 84C1181E245F1BF500F5CFF1 /* TrainingsViewModel.swift */; };
		84C11821245F1C1A00F5CFF1 /* PulseViewModel.swift in Sources */ = {isa = PBXBuildFile; fileRef = 84C11820245F1C1A00F5CFF1 /* PulseViewModel.swift */; };
		84C11823245F1C3700F5CFF1 /* StepsViewModel.swift in Sources */ = {isa = PBXBuildFile; fileRef = 84C11822245F1C3700F5CFF1 /* StepsViewModel.swift */; };
		84C11825245F1C5000F5CFF1 /* MeasurementsViewModel.swift in Sources */ = {isa = PBXBuildFile; fileRef = 84C11824245F1C5000F5CFF1 /* MeasurementsViewModel.swift */; };
		84C888602396BFEE00F2C2E3 /* BasicTile.swift in Sources */ = {isa = PBXBuildFile; fileRef = 84C8885F2396BFEE00F2C2E3 /* BasicTile.swift */; };
		84C888622396C38A00F2C2E3 /* ComponentTitle.swift in Sources */ = {isa = PBXBuildFile; fileRef = 84C888612396C38A00F2C2E3 /* ComponentTitle.swift */; };
		84D212DB2454BD8400DDF5D9 /* DataStore.swift in Sources */ = {isa = PBXBuildFile; fileRef = 84D212DA2454BD8400DDF5D9 /* DataStore.swift */; };
		84D212DD2454BE2600DDF5D9 /* DataNetworking.swift in Sources */ = {isa = PBXBuildFile; fileRef = 84D212DC2454BE2600DDF5D9 /* DataNetworking.swift */; };
		84E1A1862461C3D500551D6B /* BodyMeasurements.swift in Sources */ = {isa = PBXBuildFile; fileRef = 84E1A1852461C3D500551D6B /* BodyMeasurements.swift */; };
		84E1A1882461C45000551D6B /* DataFetchedProtocol.swift in Sources */ = {isa = PBXBuildFile; fileRef = 84E1A1872461C45000551D6B /* DataFetchedProtocol.swift */; };
		84EA434F238A028600CF853D /* ImageUtility.swift in Sources */ = {isa = PBXBuildFile; fileRef = 84EA434E238A028600CF853D /* ImageUtility.swift */; };
		84EA4351238A116E00CF853D /* AccountType.swift in Sources */ = {isa = PBXBuildFile; fileRef = 84EA4350238A116E00CF853D /* AccountType.swift */; };
		84ED7B5924586B9C00471759 /* RecordsTableViewViewController.swift in Sources */ = {isa = PBXBuildFile; fileRef = 84ED7B5824586B9C00471759 /* RecordsTableViewViewController.swift */; };
		84ED7B5B24586C2C00471759 /* DataSourceProtocol.swift in Sources */ = {isa = PBXBuildFile; fileRef = 84ED7B5A24586C2C00471759 /* DataSourceProtocol.swift */; };
		84ED7B5D24586DE000471759 /* DataProvider.swift in Sources */ = {isa = PBXBuildFile; fileRef = 84ED7B5C24586DE000471759 /* DataProvider.swift */; };
		84ED7B5F2458847D00471759 /* DetailDataItem.swift in Sources */ = {isa = PBXBuildFile; fileRef = 84ED7B5E2458847D00471759 /* DetailDataItem.swift */; };
/* End PBXBuildFile section */

/* Begin PBXFileReference section */
		1C0AE37B2C1ACD1FD4AB73FE /* libPods-fit-swift-client.a */ = {isa = PBXFileReference; explicitFileType = archive.ar; includeInIndex = 0; path = "libPods-fit-swift-client.a"; sourceTree = BUILT_PRODUCTS_DIR; };
		1E68102904EDDEA18DEA5AF3 /* Pods-fit-swift-client.release.xcconfig */ = {isa = PBXFileReference; includeInIndex = 1; lastKnownFileType = text.xcconfig; name = "Pods-fit-swift-client.release.xcconfig"; path = "Target Support Files/Pods-fit-swift-client/Pods-fit-swift-client.release.xcconfig"; sourceTree = "<group>"; };
		841455FB23CD4A2800296C15 /* fit-swift-client.entitlements */ = {isa = PBXFileReference; lastKnownFileType = text.plist.entitlements; path = "fit-swift-client.entitlements"; sourceTree = "<group>"; };
		841455FC23CD4A2900296C15 /* HealthKit.framework */ = {isa = PBXFileReference; lastKnownFileType = wrapper.framework; name = HealthKit.framework; path = System/Library/Frameworks/HealthKit.framework; sourceTree = SDKROOT; };
		8414560023CDC97C00296C15 /* AddNewValueViewController.swift */ = {isa = PBXFileReference; lastKnownFileType = sourcecode.swift; path = AddNewValueViewController.swift; sourceTree = "<group>"; };
		8414560223CDCA2A00296C15 /* AddNewRouter.swift */ = {isa = PBXFileReference; lastKnownFileType = sourcecode.swift; path = AddNewRouter.swift; sourceTree = "<group>"; };
		8414560423CDCAB600296C15 /* AddNewValueViewModel.swift */ = {isa = PBXFileReference; lastKnownFileType = sourcecode.swift; path = AddNewValueViewModel.swift; sourceTree = "<group>"; };
		8414560623CE227100296C15 /* PickerView.swift */ = {isa = PBXFileReference; lastKnownFileType = sourcecode.swift; path = PickerView.swift; sourceTree = "<group>"; };
		841DC29B237167B50075BA8C /* PasswordField.swift */ = {isa = PBXFileReference; lastKnownFileType = sourcecode.swift; path = PasswordField.swift; sourceTree = "<group>"; };
		841DC29D237169F30075BA8C /* Label.swift */ = {isa = PBXFileReference; lastKnownFileType = sourcecode.swift; path = Label.swift; sourceTree = "<group>"; };
		841DC29F2371BE2E0075BA8C /* LoginViewModel.swift */ = {isa = PBXFileReference; lastKnownFileType = sourcecode.swift; path = LoginViewModel.swift; sourceTree = "<group>"; };
		841DC2A12371C4870075BA8C /* DashboardViewController.swift */ = {isa = PBXFileReference; lastKnownFileType = sourcecode.swift; path = DashboardViewController.swift; sourceTree = "<group>"; };
		8431389F2455FB0400ABC0B2 /* StepsProgressManager.swift */ = {isa = PBXFileReference; fileEncoding = 4; lastKnownFileType = sourcecode.swift; path = StepsProgressManager.swift; sourceTree = "<group>"; };
		843138A02455FB0400ABC0B2 /* StepsProgressView.swift */ = {isa = PBXFileReference; fileEncoding = 4; lastKnownFileType = sourcecode.swift; path = StepsProgressView.swift; sourceTree = "<group>"; };
		8435558F23CB655600407CB7 /* UserStore.swift */ = {isa = PBXFileReference; lastKnownFileType = sourcecode.swift; path = UserStore.swift; sourceTree = "<group>"; };
		8435559123CB837300407CB7 /* SerializationError.swift */ = {isa = PBXFileReference; lastKnownFileType = sourcecode.swift; path = SerializationError.swift; sourceTree = "<group>"; };
		8435559323CB922800407CB7 /* MainStore.swift */ = {isa = PBXFileReference; lastKnownFileType = sourcecode.swift; path = MainStore.swift; sourceTree = "<group>"; };
		8435559623CBCFDD00407CB7 /* CountingLabel.swift */ = {isa = PBXFileReference; fileEncoding = 4; lastKnownFileType = sourcecode.swift; path = CountingLabel.swift; sourceTree = "<group>"; };
		8435E82523CCFC5E00867546 /* RecordsTableViewRouter.swift */ = {isa = PBXFileReference; lastKnownFileType = sourcecode.swift; path = RecordsTableViewRouter.swift; sourceTree = "<group>"; };
		8435E82823CCFE8300867546 /* SimpleRecordTableViewCell.swift */ = {isa = PBXFileReference; lastKnownFileType = sourcecode.swift; path = SimpleRecordTableViewCell.swift; sourceTree = "<group>"; };
		8435E82C23CD025600867546 /* WeightsViewModel.swift */ = {isa = PBXFileReference; lastKnownFileType = sourcecode.swift; path = WeightsViewModel.swift; sourceTree = "<group>"; };
		8435E83223CD1F6800867546 /* CaloriesViewModel.swift */ = {isa = PBXFileReference; lastKnownFileType = sourcecode.swift; path = CaloriesViewModel.swift; sourceTree = "<group>"; };
		84520E692406BC99006A3204 /* Alamofire.framework */ = {isa = PBXFileReference; explicitFileType = wrapper.framework; path = Alamofire.framework; sourceTree = BUILT_PRODUCTS_DIR; };
		8452C422235CCB2D009E99E8 /* User.swift */ = {isa = PBXFileReference; lastKnownFileType = sourcecode.swift; path = User.swift; sourceTree = "<group>"; };
		8452C426235CCCC9009E99E8 /* FithubUI.swift */ = {isa = PBXFileReference; lastKnownFileType = sourcecode.swift; path = FithubUI.swift; sourceTree = "<group>"; };
		8452C42B235DF5BD009E99E8 /* Extensions.swift */ = {isa = PBXFileReference; lastKnownFileType = sourcecode.swift; path = Extensions.swift; sourceTree = "<group>"; };
		8452C42F235E051F009E99E8 /* Assets.xcassets */ = {isa = PBXFileReference; lastKnownFileType = folder.assetcatalog; path = Assets.xcassets; sourceTree = "<group>"; };
		845CD7A023722463002917A9 /* DashboardRouter.swift */ = {isa = PBXFileReference; lastKnownFileType = sourcecode.swift; path = DashboardRouter.swift; sourceTree = "<group>"; };
		845CD7A22372249D002917A9 /* DashboardViewModel.swift */ = {isa = PBXFileReference; lastKnownFileType = sourcecode.swift; path = DashboardViewModel.swift; sourceTree = "<group>"; };
		846C033C2397C28B00798397 /* BasicComponentViewController.swift */ = {isa = PBXFileReference; lastKnownFileType = sourcecode.swift; path = BasicComponentViewController.swift; sourceTree = "<group>"; };
		84710C25236A1B3C0027AEC5 /* Avenir.ttc */ = {isa = PBXFileReference; lastKnownFileType = file; path = Avenir.ttc; sourceTree = "<group>"; };
		84710C29236A31F20027AEC5 /* TextField.swift */ = {isa = PBXFileReference; lastKnownFileType = sourcecode.swift; path = TextField.swift; sourceTree = "<group>"; };
		847381BD239980CB00CFB05F /* NetworkingClient.swift */ = {isa = PBXFileReference; lastKnownFileType = sourcecode.swift; path = NetworkingClient.swift; sourceTree = "<group>"; };
		847CE0C0234E52D8002FC12E /* CommonUIConstants.swift */ = {isa = PBXFileReference; lastKnownFileType = sourcecode.swift; path = CommonUIConstants.swift; sourceTree = "<group>"; };
		847CE0C2234E549A002FC12E /* Button.swift */ = {isa = PBXFileReference; lastKnownFileType = sourcecode.swift; path = Button.swift; sourceTree = "<group>"; };
		847CE0C6234E5D86002FC12E /* RouterProtocol.swift */ = {isa = PBXFileReference; lastKnownFileType = sourcecode.swift; path = RouterProtocol.swift; sourceTree = "<group>"; };
		8489FE4023C4DC2700104C7A /* Record.swift */ = {isa = PBXFileReference; lastKnownFileType = sourcecode.swift; path = Record.swift; sourceTree = "<group>"; };
		8489FE4223C4DCFF00104C7A /* RecordType.swift */ = {isa = PBXFileReference; lastKnownFileType = sourcecode.swift; path = RecordType.swift; sourceTree = "<group>"; };
		8495FAFE2372C09C003E7150 /* SignUpViewController.swift */ = {isa = PBXFileReference; lastKnownFileType = sourcecode.swift; path = SignUpViewController.swift; sourceTree = "<group>"; };
		8495FB002372C134003E7150 /* SignUpRouter.swift */ = {isa = PBXFileReference; lastKnownFileType = sourcecode.swift; path = SignUpRouter.swift; sourceTree = "<group>"; };
		8495FB022372C1B6003E7150 /* SignUpViewModel.swift */ = {isa = PBXFileReference; lastKnownFileType = sourcecode.swift; path = SignUpViewModel.swift; sourceTree = "<group>"; };
		84A2A1D9234D37690078EE29 /* FitHub.app */ = {isa = PBXFileReference; explicitFileType = wrapper.application; includeInIndex = 0; path = FitHub.app; sourceTree = BUILT_PRODUCTS_DIR; };
		84A2A1DC234D37690078EE29 /* AppDelegate.swift */ = {isa = PBXFileReference; lastKnownFileType = sourcecode.swift; path = AppDelegate.swift; sourceTree = "<group>"; };
		84A2A1DE234D37690078EE29 /* LoginViewController.swift */ = {isa = PBXFileReference; lastKnownFileType = sourcecode.swift; path = LoginViewController.swift; sourceTree = "<group>"; };
		84A2A1E6234D376A0078EE29 /* Base */ = {isa = PBXFileReference; lastKnownFileType = file.storyboard; name = Base; path = Base.lproj/LaunchScreen.storyboard; sourceTree = "<group>"; };
		84A2A1E8234D376A0078EE29 /* Info.plist */ = {isa = PBXFileReference; lastKnownFileType = text.plist.xml; path = Info.plist; sourceTree = "<group>"; };
		84A33DFD23D4998B0091E156 /* DateFormatter.swift */ = {isa = PBXFileReference; lastKnownFileType = sourcecode.swift; path = DateFormatter.swift; sourceTree = "<group>"; };
		84B06D0B23D33109001C8E94 /* ProgressViewController.swift */ = {isa = PBXFileReference; lastKnownFileType = sourcecode.swift; path = ProgressViewController.swift; sourceTree = "<group>"; };
		84B06D0D23D331A4001C8E94 /* ProgressRouter.swift */ = {isa = PBXFileReference; lastKnownFileType = sourcecode.swift; path = ProgressRouter.swift; sourceTree = "<group>"; };
		84B06D0F23D33286001C8E94 /* ProgressViewManager.swift */ = {isa = PBXFileReference; lastKnownFileType = sourcecode.swift; path = ProgressViewManager.swift; sourceTree = "<group>"; };
		84BA31B024659DC90064330F /* PopupView.swift */ = {isa = PBXFileReference; lastKnownFileType = sourcecode.swift; path = PopupView.swift; sourceTree = "<group>"; };
		84BA31B22465A0720064330F /* NewValueSelectionViewController.swift */ = {isa = PBXFileReference; lastKnownFileType = sourcecode.swift; path = NewValueSelectionViewController.swift; sourceTree = "<group>"; };
		84BA31B42465A1100064330F /* NewValueSelectionViewModel.swift */ = {isa = PBXFileReference; lastKnownFileType = sourcecode.swift; path = NewValueSelectionViewModel.swift; sourceTree = "<group>"; };
		84BA31B62465A1250064330F /* NewValueSelectionRouter.swift */ = {isa = PBXFileReference; lastKnownFileType = sourcecode.swift; path = NewValueSelectionRouter.swift; sourceTree = "<group>"; };
		84BBB96323B3C99C0017737D /* UserNetworking.swift */ = {isa = PBXFileReference; lastKnownFileType = sourcecode.swift; path = UserNetworking.swift; sourceTree = "<group>"; };
		84BC82C2234E508500821DD5 /* LoginRouter.swift */ = {isa = PBXFileReference; lastKnownFileType = sourcecode.swift; path = LoginRouter.swift; sourceTree = "<group>"; };
		84C1181C245F14FF00F5CFF1 /* SleepViewModel.swift */ = {isa = PBXFileReference; lastKnownFileType = sourcecode.swift; path = SleepViewModel.swift; sourceTree = "<group>"; };
		84C1181E245F1BF500F5CFF1 /* TrainingsViewModel.swift */ = {isa = PBXFileReference; lastKnownFileType = sourcecode.swift; path = TrainingsViewModel.swift; sourceTree = "<group>"; };
		84C11820245F1C1A00F5CFF1 /* PulseViewModel.swift */ = {isa = PBXFileReference; lastKnownFileType = sourcecode.swift; path = PulseViewModel.swift; sourceTree = "<group>"; };
		84C11822245F1C3700F5CFF1 /* StepsViewModel.swift */ = {isa = PBXFileReference; lastKnownFileType = sourcecode.swift; path = StepsViewModel.swift; sourceTree = "<group>"; };
		84C11824245F1C5000F5CFF1 /* MeasurementsViewModel.swift */ = {isa = PBXFileReference; lastKnownFileType = sourcecode.swift; path = MeasurementsViewModel.swift; sourceTree = "<group>"; };
		84C7FCB0243B7B0000F69953 /* Alamofire.framework */ = {isa = PBXFileReference; explicitFileType = wrapper.framework; path = Alamofire.framework; sourceTree = BUILT_PRODUCTS_DIR; };
		84C7FCB3243B7B0B00F69953 /* Alamofire.framework */ = {isa = PBXFileReference; explicitFileType = wrapper.framework; path = Alamofire.framework; sourceTree = BUILT_PRODUCTS_DIR; };
		84C8885F2396BFEE00F2C2E3 /* BasicTile.swift */ = {isa = PBXFileReference; lastKnownFileType = sourcecode.swift; path = BasicTile.swift; sourceTree = "<group>"; };
		84C888612396C38A00F2C2E3 /* ComponentTitle.swift */ = {isa = PBXFileReference; lastKnownFileType = sourcecode.swift; path = ComponentTitle.swift; sourceTree = "<group>"; };
		84D212DA2454BD8400DDF5D9 /* DataStore.swift */ = {isa = PBXFileReference; lastKnownFileType = sourcecode.swift; path = DataStore.swift; sourceTree = "<group>"; };
		84D212DC2454BE2600DDF5D9 /* DataNetworking.swift */ = {isa = PBXFileReference; lastKnownFileType = sourcecode.swift; path = DataNetworking.swift; sourceTree = "<group>"; };
		84E1A1852461C3D500551D6B /* BodyMeasurements.swift */ = {isa = PBXFileReference; lastKnownFileType = sourcecode.swift; path = BodyMeasurements.swift; sourceTree = "<group>"; };
		84E1A1872461C45000551D6B /* DataFetchedProtocol.swift */ = {isa = PBXFileReference; lastKnownFileType = sourcecode.swift; path = DataFetchedProtocol.swift; sourceTree = "<group>"; };
		84EA434E238A028600CF853D /* ImageUtility.swift */ = {isa = PBXFileReference; lastKnownFileType = sourcecode.swift; path = ImageUtility.swift; sourceTree = "<group>"; };
		84EA4350238A116E00CF853D /* AccountType.swift */ = {isa = PBXFileReference; lastKnownFileType = sourcecode.swift; path = AccountType.swift; sourceTree = "<group>"; };
		84ED7B5824586B9C00471759 /* RecordsTableViewViewController.swift */ = {isa = PBXFileReference; lastKnownFileType = sourcecode.swift; path = RecordsTableViewViewController.swift; sourceTree = "<group>"; };
		84ED7B5A24586C2C00471759 /* DataSourceProtocol.swift */ = {isa = PBXFileReference; lastKnownFileType = sourcecode.swift; path = DataSourceProtocol.swift; sourceTree = "<group>"; };
		84ED7B5C24586DE000471759 /* DataProvider.swift */ = {isa = PBXFileReference; lastKnownFileType = sourcecode.swift; path = DataProvider.swift; sourceTree = "<group>"; };
		84ED7B5E2458847D00471759 /* DetailDataItem.swift */ = {isa = PBXFileReference; lastKnownFileType = sourcecode.swift; path = DetailDataItem.swift; sourceTree = "<group>"; };
		FDED3CF722E0B3A4ABC91BC0 /* Pods-fit-swift-client.debug.xcconfig */ = {isa = PBXFileReference; includeInIndex = 1; lastKnownFileType = text.xcconfig; name = "Pods-fit-swift-client.debug.xcconfig"; path = "Target Support Files/Pods-fit-swift-client/Pods-fit-swift-client.debug.xcconfig"; sourceTree = "<group>"; };
/* End PBXFileReference section */

/* Begin PBXFrameworksBuildPhase section */
		84A2A1D6234D37690078EE29 /* Frameworks */ = {
			isa = PBXFrameworksBuildPhase;
			buildActionMask = 2147483647;
			files = (
				841455FD23CD4A2900296C15 /* HealthKit.framework in Frameworks */,
				5620605DC56AB41BCE9DAFB5 /* libPods-fit-swift-client.a in Frameworks */,
			);
			runOnlyForDeploymentPostprocessing = 0;
		};
/* End PBXFrameworksBuildPhase section */

/* Begin PBXGroup section */
		063A12911A3D6199DCA7A935 /* Pods */ = {
			isa = PBXGroup;
			children = (
				FDED3CF722E0B3A4ABC91BC0 /* Pods-fit-swift-client.debug.xcconfig */,
				1E68102904EDDEA18DEA5AF3 /* Pods-fit-swift-client.release.xcconfig */,
			);
			path = Pods;
			sourceTree = "<group>";
		};
		8435559523CBCFDD00407CB7 /* StepsProgress */ = {
			isa = PBXGroup;
			children = (
				8435559623CBCFDD00407CB7 /* CountingLabel.swift */,
				8431389F2455FB0400ABC0B2 /* StepsProgressManager.swift */,
				843138A02455FB0400ABC0B2 /* StepsProgressView.swift */,
			);
			path = StepsProgress;
			sourceTree = "<group>";
		};
		8435E82723CCFE6A00867546 /* Cells */ = {
			isa = PBXGroup;
			children = (
				84ED7B5E2458847D00471759 /* DetailDataItem.swift */,
				8435E82823CCFE8300867546 /* SimpleRecordTableViewCell.swift */,
			);
			path = Cells;
			sourceTree = "<group>";
		};
		8452C421235CCB16009E99E8 /* Models */ = {
			isa = PBXGroup;
			children = (
				84EA4352238A11A700CF853D /* Enums */,
				8452C422235CCB2D009E99E8 /* User.swift */,
				8489FE4023C4DC2700104C7A /* Record.swift */,
				84E1A1852461C3D500551D6B /* BodyMeasurements.swift */,
				84E1A1872461C45000551D6B /* DataFetchedProtocol.swift */,
			);
			path = Models;
			sourceTree = "<group>";
		};
		8452C428235DF3B1009E99E8 /* UI */ = {
			isa = PBXGroup;
			children = (
				84BA31AF24659DB90064330F /* Popup */,
				8435E82723CCFE6A00867546 /* Cells */,
				8452C426235CCCC9009E99E8 /* FithubUI.swift */,
				847CE0C0234E52D8002FC12E /* CommonUIConstants.swift */,
				847CE0C2234E549A002FC12E /* Button.swift */,
				84710C29236A31F20027AEC5 /* TextField.swift */,
				841DC29B237167B50075BA8C /* PasswordField.swift */,
				841DC29D237169F30075BA8C /* Label.swift */,
				84C8885F2396BFEE00F2C2E3 /* BasicTile.swift */,
				84C888612396C38A00F2C2E3 /* ComponentTitle.swift */,
				8414560623CE227100296C15 /* PickerView.swift */,
			);
			path = UI;
			sourceTree = "<group>";
		};
		8452C429235DF3C8009E99E8 /* ViewModels */ = {
			isa = PBXGroup;
			children = (
				841DC29F2371BE2E0075BA8C /* LoginViewModel.swift */,
				845CD7A22372249D002917A9 /* DashboardViewModel.swift */,
				8495FB022372C1B6003E7150 /* SignUpViewModel.swift */,
				8435E82C23CD025600867546 /* WeightsViewModel.swift */,
				8435E83223CD1F6800867546 /* CaloriesViewModel.swift */,
				8414560423CDCAB600296C15 /* AddNewValueViewModel.swift */,
				84B06D0F23D33286001C8E94 /* ProgressViewManager.swift */,
				84C1181C245F14FF00F5CFF1 /* SleepViewModel.swift */,
				84C1181E245F1BF500F5CFF1 /* TrainingsViewModel.swift */,
				84C11820245F1C1A00F5CFF1 /* PulseViewModel.swift */,
				84C11822245F1C3700F5CFF1 /* StepsViewModel.swift */,
				84C11824245F1C5000F5CFF1 /* MeasurementsViewModel.swift */,
				84BA31B42465A1100064330F /* NewValueSelectionViewModel.swift */,
			);
			path = ViewModels;
			sourceTree = "<group>";
		};
		8452C42A235DF3D9009E99E8 /* Utility */ = {
			isa = PBXGroup;
			children = (
				84EA434E238A028600CF853D /* ImageUtility.swift */,
				84A33DFD23D4998B0091E156 /* DateFormatter.swift */,
			);
			path = Utility;
			sourceTree = "<group>";
		};
		84710C24236A1ADE0027AEC5 /* Resources */ = {
			isa = PBXGroup;
			children = (
				84710C25236A1B3C0027AEC5 /* Avenir.ttc */,
				8452C42F235E051F009E99E8 /* Assets.xcassets */,
			);
			path = Resources;
			sourceTree = "<group>";
		};
		847381BF2399A35800CFB05F /* Network */ = {
			isa = PBXGroup;
			children = (
				84BBB96323B3C99C0017737D /* UserNetworking.swift */,
				847381BD239980CB00CFB05F /* NetworkingClient.swift */,
				8435559123CB837300407CB7 /* SerializationError.swift */,
				84D212DC2454BE2600DDF5D9 /* DataNetworking.swift */,
			);
			path = Network;
			sourceTree = "<group>";
		};
		847CE0C8234E5F0A002FC12E /* Core */ = {
			isa = PBXGroup;
			children = (
				84ED7B5A24586C2C00471759 /* DataSourceProtocol.swift */,
				847381BF2399A35800CFB05F /* Network */,
				8452C42A235DF3D9009E99E8 /* Utility */,
				8452C428235DF3B1009E99E8 /* UI */,
				847CE0C6234E5D86002FC12E /* RouterProtocol.swift */,
				8452C42B235DF5BD009E99E8 /* Extensions.swift */,
				8435558F23CB655600407CB7 /* UserStore.swift */,
				8435559323CB922800407CB7 /* MainStore.swift */,
				8435559523CBCFDD00407CB7 /* StepsProgress */,
				84D212DA2454BD8400DDF5D9 /* DataStore.swift */,
				84ED7B5C24586DE000471759 /* DataProvider.swift */,
			);
			path = Core;
			sourceTree = "<group>";
		};
		84A2A1D0234D37690078EE29 = {
			isa = PBXGroup;
			children = (
				84A2A1DB234D37690078EE29 /* fit-swift-client */,
				84A2A1DA234D37690078EE29 /* Products */,
				063A12911A3D6199DCA7A935 /* Pods */,
				CD9EC9AC8EAAF3CFA40EF6A2 /* Frameworks */,
			);
			sourceTree = "<group>";
		};
		84A2A1DA234D37690078EE29 /* Products */ = {
			isa = PBXGroup;
			children = (
				84A2A1D9234D37690078EE29 /* FitHub.app */,
			);
			name = Products;
			sourceTree = "<group>";
		};
		84A2A1DB234D37690078EE29 /* fit-swift-client */ = {
			isa = PBXGroup;
			children = (
				841455FB23CD4A2800296C15 /* fit-swift-client.entitlements */,
				84710C24236A1ADE0027AEC5 /* Resources */,
				8452C429235DF3C8009E99E8 /* ViewModels */,
				8452C421235CCB16009E99E8 /* Models */,
				847CE0C8234E5F0A002FC12E /* Core */,
				84BC82BE234E502000821DD5 /* Routers */,
				84BC82BD234E501100821DD5 /* ViewControllers */,
				84A2A1DC234D37690078EE29 /* AppDelegate.swift */,
				84A2A1E5234D376A0078EE29 /* LaunchScreen.storyboard */,
				84A2A1E8234D376A0078EE29 /* Info.plist */,
			);
			path = "fit-swift-client";
			sourceTree = "<group>";
		};
		84BA31AF24659DB90064330F /* Popup */ = {
			isa = PBXGroup;
			children = (
				84BA31B024659DC90064330F /* PopupView.swift */,
			);
			path = Popup;
			sourceTree = "<group>";
		};
		84BC82BD234E501100821DD5 /* ViewControllers */ = {
			isa = PBXGroup;
			children = (
				84ED7B5824586B9C00471759 /* RecordsTableViewViewController.swift */,
				84A2A1DE234D37690078EE29 /* LoginViewController.swift */,
				841DC2A12371C4870075BA8C /* DashboardViewController.swift */,
				8495FAFE2372C09C003E7150 /* SignUpViewController.swift */,
				846C033C2397C28B00798397 /* BasicComponentViewController.swift */,
				8414560023CDC97C00296C15 /* AddNewValueViewController.swift */,
				84B06D0B23D33109001C8E94 /* ProgressViewController.swift */,
				84BA31B22465A0720064330F /* NewValueSelectionViewController.swift */,
			);
			path = ViewControllers;
			sourceTree = "<group>";
		};
		84BC82BE234E502000821DD5 /* Routers */ = {
			isa = PBXGroup;
			children = (
				84BC82C2234E508500821DD5 /* LoginRouter.swift */,
				845CD7A023722463002917A9 /* DashboardRouter.swift */,
				8495FB002372C134003E7150 /* SignUpRouter.swift */,
				8435E82523CCFC5E00867546 /* RecordsTableViewRouter.swift */,
				8414560223CDCA2A00296C15 /* AddNewRouter.swift */,
				84B06D0D23D331A4001C8E94 /* ProgressRouter.swift */,
				84BA31B62465A1250064330F /* NewValueSelectionRouter.swift */,
			);
			path = Routers;
			sourceTree = "<group>";
		};
		84EA4352238A11A700CF853D /* Enums */ = {
			isa = PBXGroup;
			children = (
				84EA4350238A116E00CF853D /* AccountType.swift */,
				8489FE4223C4DCFF00104C7A /* RecordType.swift */,
			);
			path = Enums;
			sourceTree = "<group>";
		};
		CD9EC9AC8EAAF3CFA40EF6A2 /* Frameworks */ = {
			isa = PBXGroup;
			children = (
				84C7FCB3243B7B0B00F69953 /* Alamofire.framework */,
				84C7FCB0243B7B0000F69953 /* Alamofire.framework */,
				84520E692406BC99006A3204 /* Alamofire.framework */,
				841455FC23CD4A2900296C15 /* HealthKit.framework */,
				1C0AE37B2C1ACD1FD4AB73FE /* libPods-fit-swift-client.a */,
			);
			name = Frameworks;
			sourceTree = "<group>";
		};
/* End PBXGroup section */

/* Begin PBXNativeTarget section */
		84A2A1D8234D37690078EE29 /* fit-swift-client */ = {
			isa = PBXNativeTarget;
			buildConfigurationList = 84A2A1EB234D376A0078EE29 /* Build configuration list for PBXNativeTarget "fit-swift-client" */;
			buildPhases = (
				F56E60E2BE981E6E25C5FBBA /* [CP] Check Pods Manifest.lock */,
				84A2A1D5234D37690078EE29 /* Sources */,
				84A2A1D6234D37690078EE29 /* Frameworks */,
				84A2A1D7234D37690078EE29 /* Resources */,
			);
			buildRules = (
			);
			dependencies = (
			);
			name = "fit-swift-client";
			productName = "fit-swift-client";
			productReference = 84A2A1D9234D37690078EE29 /* FitHub.app */;
			productType = "com.apple.product-type.application";
		};
/* End PBXNativeTarget section */

/* Begin PBXProject section */
		84A2A1D1234D37690078EE29 /* Project object */ = {
			isa = PBXProject;
			attributes = {
				LastSwiftUpdateCheck = 1020;
				LastUpgradeCheck = 1130;
				ORGANIZATIONNAME = "Dominik Urbaez Gomez";
				TargetAttributes = {
					84A2A1D8234D37690078EE29 = {
						CreatedOnToolsVersion = 10.2.1;
					};
				};
			};
			buildConfigurationList = 84A2A1D4234D37690078EE29 /* Build configuration list for PBXProject "fit-swift-client" */;
			compatibilityVersion = "Xcode 9.3";
			developmentRegion = en;
			hasScannedForEncodings = 0;
			knownRegions = (
				en,
				Base,
			);
			mainGroup = 84A2A1D0234D37690078EE29;
			productRefGroup = 84A2A1DA234D37690078EE29 /* Products */;
			projectDirPath = "";
			projectRoot = "";
			targets = (
				84A2A1D8234D37690078EE29 /* fit-swift-client */,
			);
		};
/* End PBXProject section */

/* Begin PBXResourcesBuildPhase section */
		84A2A1D7234D37690078EE29 /* Resources */ = {
			isa = PBXResourcesBuildPhase;
			buildActionMask = 2147483647;
			files = (
				8452C430235E051F009E99E8 /* Assets.xcassets in Resources */,
				84A2A1E7234D376A0078EE29 /* LaunchScreen.storyboard in Resources */,
				84710C26236A1B3C0027AEC5 /* Avenir.ttc in Resources */,
			);
			runOnlyForDeploymentPostprocessing = 0;
		};
/* End PBXResourcesBuildPhase section */

/* Begin PBXShellScriptBuildPhase section */
		F56E60E2BE981E6E25C5FBBA /* [CP] Check Pods Manifest.lock */ = {
			isa = PBXShellScriptBuildPhase;
			buildActionMask = 2147483647;
			files = (
			);
			inputFileListPaths = (
			);
			inputPaths = (
				"${PODS_PODFILE_DIR_PATH}/Podfile.lock",
				"${PODS_ROOT}/Manifest.lock",
			);
			name = "[CP] Check Pods Manifest.lock";
			outputFileListPaths = (
			);
			outputPaths = (
				"$(DERIVED_FILE_DIR)/Pods-fit-swift-client-checkManifestLockResult.txt",
			);
			runOnlyForDeploymentPostprocessing = 0;
			shellPath = /bin/sh;
			shellScript = "diff \"${PODS_PODFILE_DIR_PATH}/Podfile.lock\" \"${PODS_ROOT}/Manifest.lock\" > /dev/null\nif [ $? != 0 ] ; then\n    # print error to STDERR\n    echo \"error: The sandbox is not in sync with the Podfile.lock. Run 'pod install' or update your CocoaPods installation.\" >&2\n    exit 1\nfi\n# This output is used by Xcode 'outputs' to avoid re-running this script phase.\necho \"SUCCESS\" > \"${SCRIPT_OUTPUT_FILE_0}\"\n";
			showEnvVarsInLog = 0;
		};
/* End PBXShellScriptBuildPhase section */

/* Begin PBXSourcesBuildPhase section */
		84A2A1D5234D37690078EE29 /* Sources */ = {
			isa = PBXSourcesBuildPhase;
			buildActionMask = 2147483647;
			files = (
				8495FB012372C134003E7150 /* SignUpRouter.swift in Sources */,
				84BBB96423B3C99C0017737D /* UserNetworking.swift in Sources */,
				84BA31B72465A1250064330F /* NewValueSelectionRouter.swift in Sources */,
				84EA4351238A116E00CF853D /* AccountType.swift in Sources */,
				84BC82C3234E508500821DD5 /* LoginRouter.swift in Sources */,
				8435559923CBCFDD00407CB7 /* CountingLabel.swift in Sources */,
				847381BE239980CB00CFB05F /* NetworkingClient.swift in Sources */,
				84ED7B5B24586C2C00471759 /* DataSourceProtocol.swift in Sources */,
				8414560323CDCA2A00296C15 /* AddNewRouter.swift in Sources */,
				8414560123CDC97C00296C15 /* AddNewValueViewController.swift in Sources */,
				841DC2A22371C4870075BA8C /* DashboardViewController.swift in Sources */,
				8489FE4323C4DCFF00104C7A /* RecordType.swift in Sources */,
				84C1181D245F14FF00F5CFF1 /* SleepViewModel.swift in Sources */,
				84E1A1882461C45000551D6B /* DataFetchedProtocol.swift in Sources */,
				84D212DB2454BD8400DDF5D9 /* DataStore.swift in Sources */,
				84C11821245F1C1A00F5CFF1 /* PulseViewModel.swift in Sources */,
				8435E83323CD1F6800867546 /* CaloriesViewModel.swift in Sources */,
				847CE0C3234E549A002FC12E /* Button.swift in Sources */,
				841DC29E237169F30075BA8C /* Label.swift in Sources */,
				8495FB032372C1B6003E7150 /* SignUpViewModel.swift in Sources */,
				847CE0C7234E5D86002FC12E /* RouterProtocol.swift in Sources */,
				84D212DD2454BE2600DDF5D9 /* DataNetworking.swift in Sources */,
				84C11825245F1C5000F5CFF1 /* MeasurementsViewModel.swift in Sources */,
				84C11823245F1C3700F5CFF1 /* StepsViewModel.swift in Sources */,
				8495FAFF2372C09C003E7150 /* SignUpViewController.swift in Sources */,
				84EA434F238A028600CF853D /* ImageUtility.swift in Sources */,
				84BA31B124659DC90064330F /* PopupView.swift in Sources */,
				84A33DFE23D4998B0091E156 /* DateFormatter.swift in Sources */,
				84ED7B5F2458847D00471759 /* DetailDataItem.swift in Sources */,
				8489FE4123C4DC2700104C7A /* Record.swift in Sources */,
				84710C2A236A31F20027AEC5 /* TextField.swift in Sources */,
				84BA31B32465A0720064330F /* NewValueSelectionViewController.swift in Sources */,
				84ED7B5D24586DE000471759 /* DataProvider.swift in Sources */,
				84B06D0E23D331A4001C8E94 /* ProgressRouter.swift in Sources */,
				84C888622396C38A00F2C2E3 /* ComponentTitle.swift in Sources */,
				84B06D0C23D33109001C8E94 /* ProgressViewController.swift in Sources */,
				8435E82923CCFE8300867546 /* SimpleRecordTableViewCell.swift in Sources */,
				847CE0C1234E52D8002FC12E /* CommonUIConstants.swift in Sources */,
				8435559423CB922800407CB7 /* MainStore.swift in Sources */,
				84BA31B52465A1100064330F /* NewValueSelectionViewModel.swift in Sources */,
				84ED7B5924586B9C00471759 /* RecordsTableViewViewController.swift in Sources */,
				846C033D2397C28B00798397 /* BasicComponentViewController.swift in Sources */,
				8435E82D23CD025600867546 /* WeightsViewModel.swift in Sources */,
				845CD7A32372249D002917A9 /* DashboardViewModel.swift in Sources */,
				845CD7A123722463002917A9 /* DashboardRouter.swift in Sources */,
				84C888602396BFEE00F2C2E3 /* BasicTile.swift in Sources */,
				8414560523CDCAB600296C15 /* AddNewValueViewModel.swift in Sources */,
				84E1A1862461C3D500551D6B /* BodyMeasurements.swift in Sources */,
				8452C423235CCB2D009E99E8 /* User.swift in Sources */,
				8414560723CE227100296C15 /* PickerView.swift in Sources */,
				841DC29C237167B50075BA8C /* PasswordField.swift in Sources */,
				841DC2A02371BE2E0075BA8C /* LoginViewModel.swift in Sources */,
				8452C42C235DF5BD009E99E8 /* Extensions.swift in Sources */,
				8435559223CB837300407CB7 /* SerializationError.swift in Sources */,
				84A2A1DF234D37690078EE29 /* LoginViewController.swift in Sources */,
				843138A12455FB0400ABC0B2 /* StepsProgressManager.swift in Sources */,
				84B06D1023D33286001C8E94 /* ProgressViewManager.swift in Sources */,
				8452C427235CCCC9009E99E8 /* FithubUI.swift in Sources */,
				84A2A1DD234D37690078EE29 /* AppDelegate.swift in Sources */,
				8435E82623CCFC5E00867546 /* RecordsTableViewRouter.swift in Sources */,
				8435559023CB655600407CB7 /* UserStore.swift in Sources */,
				84C1181F245F1BF500F5CFF1 /* TrainingsViewModel.swift in Sources */,
				843138A22455FB0400ABC0B2 /* StepsProgressView.swift in Sources */,
			);
			runOnlyForDeploymentPostprocessing = 0;
		};
/* End PBXSourcesBuildPhase section */

/* Begin PBXVariantGroup section */
		84A2A1E5234D376A0078EE29 /* LaunchScreen.storyboard */ = {
			isa = PBXVariantGroup;
			children = (
				84A2A1E6234D376A0078EE29 /* Base */,
			);
			name = LaunchScreen.storyboard;
			sourceTree = "<group>";
		};
/* End PBXVariantGroup section */

/* Begin XCBuildConfiguration section */
		84A2A1E9234D376A0078EE29 /* Debug */ = {
			isa = XCBuildConfiguration;
			buildSettings = {
				ALWAYS_SEARCH_USER_PATHS = NO;
				CLANG_ANALYZER_NONNULL = YES;
				CLANG_ANALYZER_NUMBER_OBJECT_CONVERSION = YES_AGGRESSIVE;
				CLANG_CXX_LANGUAGE_STANDARD = "gnu++14";
				CLANG_CXX_LIBRARY = "libc++";
				CLANG_ENABLE_MODULES = YES;
				CLANG_ENABLE_OBJC_ARC = YES;
				CLANG_ENABLE_OBJC_WEAK = YES;
				CLANG_WARN_BLOCK_CAPTURE_AUTORELEASING = YES;
				CLANG_WARN_BOOL_CONVERSION = YES;
				CLANG_WARN_COMMA = YES;
				CLANG_WARN_CONSTANT_CONVERSION = YES;
				CLANG_WARN_DEPRECATED_OBJC_IMPLEMENTATIONS = YES;
				CLANG_WARN_DIRECT_OBJC_ISA_USAGE = YES_ERROR;
				CLANG_WARN_DOCUMENTATION_COMMENTS = YES;
				CLANG_WARN_EMPTY_BODY = YES;
				CLANG_WARN_ENUM_CONVERSION = YES;
				CLANG_WARN_INFINITE_RECURSION = YES;
				CLANG_WARN_INT_CONVERSION = YES;
				CLANG_WARN_NON_LITERAL_NULL_CONVERSION = YES;
				CLANG_WARN_OBJC_IMPLICIT_RETAIN_SELF = YES;
				CLANG_WARN_OBJC_LITERAL_CONVERSION = YES;
				CLANG_WARN_OBJC_ROOT_CLASS = YES_ERROR;
				CLANG_WARN_RANGE_LOOP_ANALYSIS = YES;
				CLANG_WARN_STRICT_PROTOTYPES = YES;
				CLANG_WARN_SUSPICIOUS_MOVE = YES;
				CLANG_WARN_UNGUARDED_AVAILABILITY = YES_AGGRESSIVE;
				CLANG_WARN_UNREACHABLE_CODE = YES;
				CLANG_WARN__DUPLICATE_METHOD_MATCH = YES;
				CODE_SIGN_IDENTITY = "iPhone Developer";
				COPY_PHASE_STRIP = NO;
				DEBUG_INFORMATION_FORMAT = dwarf;
				ENABLE_STRICT_OBJC_MSGSEND = YES;
				ENABLE_TESTABILITY = YES;
				GCC_C_LANGUAGE_STANDARD = gnu11;
				GCC_DYNAMIC_NO_PIC = NO;
				GCC_NO_COMMON_BLOCKS = YES;
				GCC_OPTIMIZATION_LEVEL = 0;
				GCC_PREPROCESSOR_DEFINITIONS = (
					"DEBUG=1",
					"$(inherited)",
				);
				GCC_WARN_64_TO_32_BIT_CONVERSION = YES;
				GCC_WARN_ABOUT_RETURN_TYPE = YES_ERROR;
				GCC_WARN_UNDECLARED_SELECTOR = YES;
				GCC_WARN_UNINITIALIZED_AUTOS = YES_AGGRESSIVE;
				GCC_WARN_UNUSED_FUNCTION = YES;
				GCC_WARN_UNUSED_VARIABLE = YES;
				IPHONEOS_DEPLOYMENT_TARGET = 12.2;
				MTL_ENABLE_DEBUG_INFO = INCLUDE_SOURCE;
				MTL_FAST_MATH = YES;
				ONLY_ACTIVE_ARCH = YES;
				SDKROOT = iphoneos;
				SWIFT_ACTIVE_COMPILATION_CONDITIONS = DEBUG;
				SWIFT_OPTIMIZATION_LEVEL = "-Onone";
			};
			name = Debug;
		};
		84A2A1EA234D376A0078EE29 /* Release */ = {
			isa = XCBuildConfiguration;
			buildSettings = {
				ALWAYS_SEARCH_USER_PATHS = NO;
				CLANG_ANALYZER_NONNULL = YES;
				CLANG_ANALYZER_NUMBER_OBJECT_CONVERSION = YES_AGGRESSIVE;
				CLANG_CXX_LANGUAGE_STANDARD = "gnu++14";
				CLANG_CXX_LIBRARY = "libc++";
				CLANG_ENABLE_MODULES = YES;
				CLANG_ENABLE_OBJC_ARC = YES;
				CLANG_ENABLE_OBJC_WEAK = YES;
				CLANG_WARN_BLOCK_CAPTURE_AUTORELEASING = YES;
				CLANG_WARN_BOOL_CONVERSION = YES;
				CLANG_WARN_COMMA = YES;
				CLANG_WARN_CONSTANT_CONVERSION = YES;
				CLANG_WARN_DEPRECATED_OBJC_IMPLEMENTATIONS = YES;
				CLANG_WARN_DIRECT_OBJC_ISA_USAGE = YES_ERROR;
				CLANG_WARN_DOCUMENTATION_COMMENTS = YES;
				CLANG_WARN_EMPTY_BODY = YES;
				CLANG_WARN_ENUM_CONVERSION = YES;
				CLANG_WARN_INFINITE_RECURSION = YES;
				CLANG_WARN_INT_CONVERSION = YES;
				CLANG_WARN_NON_LITERAL_NULL_CONVERSION = YES;
				CLANG_WARN_OBJC_IMPLICIT_RETAIN_SELF = YES;
				CLANG_WARN_OBJC_LITERAL_CONVERSION = YES;
				CLANG_WARN_OBJC_ROOT_CLASS = YES_ERROR;
				CLANG_WARN_RANGE_LOOP_ANALYSIS = YES;
				CLANG_WARN_STRICT_PROTOTYPES = YES;
				CLANG_WARN_SUSPICIOUS_MOVE = YES;
				CLANG_WARN_UNGUARDED_AVAILABILITY = YES_AGGRESSIVE;
				CLANG_WARN_UNREACHABLE_CODE = YES;
				CLANG_WARN__DUPLICATE_METHOD_MATCH = YES;
				CODE_SIGN_IDENTITY = "iPhone Developer";
				COPY_PHASE_STRIP = NO;
				DEBUG_INFORMATION_FORMAT = "dwarf-with-dsym";
				ENABLE_NS_ASSERTIONS = NO;
				ENABLE_STRICT_OBJC_MSGSEND = YES;
				GCC_C_LANGUAGE_STANDARD = gnu11;
				GCC_NO_COMMON_BLOCKS = YES;
				GCC_WARN_64_TO_32_BIT_CONVERSION = YES;
				GCC_WARN_ABOUT_RETURN_TYPE = YES_ERROR;
				GCC_WARN_UNDECLARED_SELECTOR = YES;
				GCC_WARN_UNINITIALIZED_AUTOS = YES_AGGRESSIVE;
				GCC_WARN_UNUSED_FUNCTION = YES;
				GCC_WARN_UNUSED_VARIABLE = YES;
				IPHONEOS_DEPLOYMENT_TARGET = 12.2;
				MTL_ENABLE_DEBUG_INFO = NO;
				MTL_FAST_MATH = YES;
				SDKROOT = iphoneos;
				SWIFT_COMPILATION_MODE = wholemodule;
				SWIFT_OPTIMIZATION_LEVEL = "-O";
				VALIDATE_PRODUCT = YES;
			};
			name = Release;
		};
		84A2A1EC234D376A0078EE29 /* Debug */ = {
			isa = XCBuildConfiguration;
			baseConfigurationReference = FDED3CF722E0B3A4ABC91BC0 /* Pods-fit-swift-client.debug.xcconfig */;
			buildSettings = {
				ASSETCATALOG_COMPILER_APPICON_NAME = AppIcon;
				CODE_SIGN_ENTITLEMENTS = "fit-swift-client/fit-swift-client.entitlements";
				CODE_SIGN_STYLE = Automatic;
				DEVELOPMENT_TEAM = 8DN4ND55V5;
				INFOPLIST_FILE = "fit-swift-client/Info.plist";
				IPHONEOS_DEPLOYMENT_TARGET = 13.2;
				LD_RUNPATH_SEARCH_PATHS = (
					"$(inherited)",
					"@executable_path/Frameworks",
				);
				PRODUCT_BUNDLE_IDENTIFIER = "Dominik-Urbaez-Gomez.fit-swift-client";
				PRODUCT_NAME = FitHub;
				SWIFT_VERSION = 5.0;
				TARGETED_DEVICE_FAMILY = 1;
			};
			name = Debug;
		};
		84A2A1ED234D376A0078EE29 /* Release */ = {
			isa = XCBuildConfiguration;
			baseConfigurationReference = 1E68102904EDDEA18DEA5AF3 /* Pods-fit-swift-client.release.xcconfig */;
			buildSettings = {
				ASSETCATALOG_COMPILER_APPICON_NAME = AppIcon;
				CODE_SIGN_ENTITLEMENTS = "fit-swift-client/fit-swift-client.entitlements";
				CODE_SIGN_STYLE = Automatic;
				DEVELOPMENT_TEAM = 8DN4ND55V5;
				INFOPLIST_FILE = "fit-swift-client/Info.plist";
				IPHONEOS_DEPLOYMENT_TARGET = 13.2;
				LD_RUNPATH_SEARCH_PATHS = (
					"$(inherited)",
					"@executable_path/Frameworks",
				);
				PRODUCT_BUNDLE_IDENTIFIER = "Dominik-Urbaez-Gomez.fit-swift-client";
				PRODUCT_NAME = FitHub;
				SWIFT_VERSION = 5.0;
				TARGETED_DEVICE_FAMILY = 1;
			};
			name = Release;
		};
/* End XCBuildConfiguration section */

/* Begin XCConfigurationList section */
		84A2A1D4234D37690078EE29 /* Build configuration list for PBXProject "fit-swift-client" */ = {
			isa = XCConfigurationList;
			buildConfigurations = (
				84A2A1E9234D376A0078EE29 /* Debug */,
				84A2A1EA234D376A0078EE29 /* Release */,
			);
			defaultConfigurationIsVisible = 0;
			defaultConfigurationName = Release;
		};
		84A2A1EB234D376A0078EE29 /* Build configuration list for PBXNativeTarget "fit-swift-client" */ = {
			isa = XCConfigurationList;
			buildConfigurations = (
				84A2A1EC234D376A0078EE29 /* Debug */,
				84A2A1ED234D376A0078EE29 /* Release */,
			);
			defaultConfigurationIsVisible = 0;
			defaultConfigurationName = Release;
		};
/* End XCConfigurationList section */
	};
	rootObject = 84A2A1D1234D37690078EE29 /* Project object */;
}
